
Microsoft Visual Studio Solution File, Format Version 12.00
# Visual Studio Version 17
VisualStudioVersion = 17.8.34408.163
MinimumVisualStudioVersion = 10.0.40219.1
Project("{FAE04EC0-301F-11D3-BF4B-00C04F79EFBC}") = "Splashscreen_JSVE.Android", "Splashscreen_JSVE.Android\Splashscreen_JSVE.Android.csproj", "{6CDE3B99-D1B2-44EB-9ED7-79B4B0D19C78}"
EndProject
Project("{FAE04EC0-301F-11D3-BF4B-00C04F79EFBC}") = "Splashscreen_JSVE.iOS", "Splashscreen_JSVE.iOS\Splashscreen_JSVE.iOS.csproj", "{C15FB371-F4F8-4283-874C-F4C4C1C3DCBC}"
EndProject
Project("{FAE04EC0-301F-11D3-BF4B-00C04F79EFBC}") = "Splashscreen_JSVE", "Splashscreen_JSVE\Splashscreen_JSVE.csproj", "{1FD4EFC3-6F01-43A7-83D5-8EE3BA36D88A}"
EndProject
Global
	GlobalSection(SolutionConfigurationPlatforms) = preSolution
		Debug|Any CPU = Debug|Any CPU
		Debug|iPhone = Debug|iPhone
		Debug|iPhoneSimulator = Debug|iPhoneSimulator
		Release|Any CPU = Release|Any CPU
		Release|iPhone = Release|iPhone
		Release|iPhoneSimulator = Release|iPhoneSimulator
	EndGlobalSection
	GlobalSection(ProjectConfigurationPlatforms) = postSolution
		{6CDE3B99-D1B2-44EB-9ED7-79B4B0D19C78}.Debug|Any CPU.ActiveCfg = Debug|Any CPU
		{6CDE3B99-D1B2-44EB-9ED7-79B4B0D19C78}.Debug|Any CPU.Build.0 = Debug|Any CPU
		{6CDE3B99-D1B2-44EB-9ED7-79B4B0D19C78}.Debug|Any CPU.Deploy.0 = Debug|Any CPU
		{6CDE3B99-D1B2-44EB-9ED7-79B4B0D19C78}.Debug|iPhone.ActiveCfg = Debug|Any CPU
		{6CDE3B99-D1B2-44EB-9ED7-79B4B0D19C78}.Debug|iPhone.Build.0 = Debug|Any CPU
		{6CDE3B99-D1B2-44EB-9ED7-79B4B0D19C78}.Debug|iPhone.Deploy.0 = Debug|Any CPU
		{6CDE3B99-D1B2-44EB-9ED7-79B4B0D19C78}.Debug|iPhoneSimulator.ActiveCfg = Debug|Any CPU
		{6CDE3B99-D1B2-44EB-9ED7-79B4B0D19C78}.Debug|iPhoneSimulator.Build.0 = Debug|Any CPU
		{6CDE3B99-D1B2-44EB-9ED7-79B4B0D19C78}.Debug|iPhoneSimulator.Deploy.0 = Debug|Any CPU
		{6CDE3B99-D1B2-44EB-9ED7-79B4B0D19C78}.Release|Any CPU.ActiveCfg = Release|Any CPU
		{6CDE3B99-D1B2-44EB-9ED7-79B4B0D19C78}.Release|Any CPU.Build.0 = Release|Any CPU
		{6CDE3B99-D1B2-44EB-9ED7-79B4B0D19C78}.Release|Any CPU.Deploy.0 = Release|Any CPU
		{6CDE3B99-D1B2-44EB-9ED7-79B4B0D19C78}.Release|iPhone.ActiveCfg = Release|Any CPU
		{6CDE3B99-D1B2-44EB-9ED7-79B4B0D19C78}.Release|iPhone.Build.0 = Release|Any CPU
		{6CDE3B99-D1B2-44EB-9ED7-79B4B0D19C78}.Release|iPhone.Deploy.0 = Release|Any CPU
		{6CDE3B99-D1B2-44EB-9ED7-79B4B0D19C78}.Release|iPhoneSimulator.ActiveCfg = Release|Any CPU
		{6CDE3B99-D1B2-44EB-9ED7-79B4B0D19C78}.Release|iPhoneSimulator.Build.0 = Release|Any CPU
		{6CDE3B99-D1B2-44EB-9ED7-79B4B0D19C78}.Release|iPhoneSimulator.Deploy.0 = Release|Any CPU
		{C15FB371-F4F8-4283-874C-F4C4C1C3DCBC}.Debug|Any CPU.ActiveCfg = Debug|iPhone
		{C15FB371-F4F8-4283-874C-F4C4C1C3DCBC}.Debug|Any CPU.Build.0 = Debug|iPhone
		{C15FB371-F4F8-4283-874C-F4C4C1C3DCBC}.Debug|Any CPU.Deploy.0 = Debug|iPhone
		{C15FB371-F4F8-4283-874C-F4C4C1C3DCBC}.Debug|iPhone.ActiveCfg = Debug|iPhone
		{C15FB371-F4F8-4283-874C-F4C4C1C3DCBC}.Debug|iPhone.Build.0 = Debug|iPhone
		{C15FB371-F4F8-4283-874C-F4C4C1C3DCBC}.Debug|iPhone.Deploy.0 = Debug|iPhone
		{C15FB371-F4F8-4283-874C-F4C4C1C3DCBC}.Debug|iPhoneSimulator.ActiveCfg = Debug|iPhoneSimulator
		{C15FB371-F4F8-4283-874C-F4C4C1C3DCBC}.Debug|iPhoneSimulator.Build.0 = Debug|iPhoneSimulator
		{C15FB371-F4F8-4283-874C-F4C4C1C3DCBC}.Debug|iPhoneSimulator.Deploy.0 = Debug|iPhoneSimulator
		{C15FB371-F4F8-4283-874C-F4C4C1C3DCBC}.Release|Any CPU.ActiveCfg = Release|iPhoneSimulator
		{C15FB371-F4F8-4283-874C-F4C4C1C3DCBC}.Release|Any CPU.Build.0 = Release|iPhoneSimulator
		{C15FB371-F4F8-4283-874C-F4C4C1C3DCBC}.Release|Any CPU.Deploy.0 = Release|iPhoneSimulator
		{C15FB371-F4F8-4283-874C-F4C4C1C3DCBC}.Release|iPhone.ActiveCfg = Release|iPhone
		{C15FB371-F4F8-4283-874C-F4C4C1C3DCBC}.Release|iPhone.Build.0 = Release|iPhone
		{C15FB371-F4F8-4283-874C-F4C4C1C3DCBC}.Release|iPhone.Deploy.0 = Release|iPhone
		{C15FB371-F4F8-4283-874C-F4C4C1C3DCBC}.Release|iPhoneSimulator.ActiveCfg = Release|iPhoneSimulator
		{C15FB371-F4F8-4283-874C-F4C4C1C3DCBC}.Release|iPhoneSimulator.Build.0 = Release|iPhoneSimulator
		{C15FB371-F4F8-4283-874C-F4C4C1C3DCBC}.Release|iPhoneSimulator.Deploy.0 = Release|iPhoneSimulator
		{1FD4EFC3-6F01-43A7-83D5-8EE3BA36D88A}.Debug|Any CPU.ActiveCfg = Debug|Any CPU
		{1FD4EFC3-6F01-43A7-83D5-8EE3BA36D88A}.Debug|Any CPU.Build.0 = Debug|Any CPU
		{1FD4EFC3-6F01-43A7-83D5-8EE3BA36D88A}.Debug|Any CPU.Deploy.0 = Debug|Any CPU
		{1FD4EFC3-6F01-43A7-83D5-8EE3BA36D88A}.Debug|iPhone.ActiveCfg = Debug|Any CPU
		{1FD4EFC3-6F01-43A7-83D5-8EE3BA36D88A}.Debug|iPhone.Build.0 = Debug|Any CPU
		{1FD4EFC3-6F01-43A7-83D5-8EE3BA36D88A}.Debug|iPhone.Deploy.0 = Debug|Any CPU
		{1FD4EFC3-6F01-43A7-83D5-8EE3BA36D88A}.Debug|iPhoneSimulator.ActiveCfg = Debug|Any CPU
		{1FD4EFC3-6F01-43A7-83D5-8EE3BA36D88A}.Debug|iPhoneSimulator.Build.0 = Debug|Any CPU
		{1FD4EFC3-6F01-43A7-83D5-8EE3BA36D88A}.Debug|iPhoneSimulator.Deploy.0 = Debug|Any CPU
		{1FD4EFC3-6F01-43A7-83D5-8EE3BA36D88A}.Release|Any CPU.ActiveCfg = Release|Any CPU
		{1FD4EFC3-6F01-43A7-83D5-8EE3BA36D88A}.Release|Any CPU.Build.0 = Release|Any CPU
		{1FD4EFC3-6F01-43A7-83D5-8EE3BA36D88A}.Release|Any CPU.Deploy.0 = Release|Any CPU
		{1FD4EFC3-6F01-43A7-83D5-8EE3BA36D88A}.Release|iPhone.ActiveCfg = Release|Any CPU
		{1FD4EFC3-6F01-43A7-83D5-8EE3BA36D88A}.Release|iPhone.Build.0 = Release|Any CPU
		{1FD4EFC3-6F01-43A7-83D5-8EE3BA36D88A}.Release|iPhone.Deploy.0 = Release|Any CPU
		{1FD4EFC3-6F01-43A7-83D5-8EE3BA36D88A}.Release|iPhoneSimulator.ActiveCfg = Release|Any CPU
		{1FD4EFC3-6F01-43A7-83D5-8EE3BA36D88A}.Release|iPhoneSimulator.Build.0 = Release|Any CPU
		{1FD4EFC3-6F01-43A7-83D5-8EE3BA36D88A}.Release|iPhoneSimulator.Deploy.0 = Release|Any CPU
	EndGlobalSection
	GlobalSection(SolutionProperties) = preSolution
		HideSolutionNode = FALSE
	EndGlobalSection
	GlobalSection(ExtensibilityGlobals) = postSolution
		SolutionGuid = {F9F59124-351C-46FC-B185-14209C25B926}
	EndGlobalSection
EndGlobal
